github.com/MauriceGit/skiplist v0.0.0-20191117202105-643e379adb62 h1:gDG99+yxKg62ymqQVT33Vb2oDaxTx5j3M87VdR8xcOs=
github.com/MauriceGit/skiplist v0.0.0-20191117202105-643e379adb62/go.mod h1:877WBceefKn14QwVVn4xRFUsHsZb9clICgdeTj4XsUg=
github.com/google/btree v1.0.0 h1:0udJVsspx3VBr5FwtLhQQtuAsVc79tTq0ocGIPAU6qo=
github.com/google/btree v1.0.0/go.mod h1:lNA+9X1NB3Zf8V7Ke586lFgjr2dZNuvo3lPJSGZ5JPQ=
github.com/mtchavez/skiplist v0.0.0-20180726135747-e84de0992d21 h1:THHCEJ9KciduRXIIbp71rR3e2QYDJK7gjPmHFxbDSWQ=
github.com/mtchavez/skiplist v0.0.0-20180726135747-e84de0992d21/go.mod h1:SERa1tQlV0yNIv3Dt2+Dv8YxeXorS4ySs8I147Zq+lo=
github.com/ryszard/goskiplist v0.0.0-20150312221310-2dfbae5fcf46 h1:GHRpF1pTW19a8tTFrMLUcfWwyC0pnifVo2ClaLq+hP8=
github.com/ryszard/goskiplist v0.0.0-20150312221310-2dfbae5fcf46/go.mod h1:uAQ5PCi+MFsC7HjREoAz1BU+Mq60+05gifQSsHSDG/8=
github.com/sean-public/fast-skiplist v0.0.0-20200308194023-d7f7945b944e h1:w2+6sbUoNbKRno+Gb09RWXezAw0m7kzFI1ickiuVLl4=
github.com/sean-public/fast-skiplist v0.0.0-20200308194023-d7f7945b944e/go.mod h1:sF4pw7fVg/E9T7KYqdJtxcQQnQMef8E2kgZScnDKHTE=
