github.com/MauriceGit/skiplist v0.0.0-20191117202105-643e379adb62 h1:gDG99+yxKg62ymqQVT33Vb2oDaxTx5j3M87VdR8xcOs=
github.com/MauriceGit/skiplist v0.0.0-20191117202105-643e379adb62/go.mod h1:877WBceefKn14QwVVn4xRFUsHsZb9clICgdeTj4XsUg=
github.com/google/btree v1.0.0 h1:0udJVsspx3VBr5FwtLhQQtuAsVc79tTq0ocGIPAU6qo=
github.com/google/btree v1.0.0/go.mod h1:lNA+9X1NB3Zf8V7Ke586lFgjr2dZNuvo3lPJSGZ5JPQ=
github.com/sean-public/fast-skiplist v0.0.0-20200308194023-d7f7945b944e h1:w2+6sbUoNbKRno+Gb09RWXezAw0m7kzFI1ickiuVLl4=
github.com/sean-public/fast-skiplist v0.0.0-20200308194023-d7f7945b944e/go.mod h1:sF4pw7fVg/E9T7KYqdJtxcQQnQMef8E2kgZScnDKHTE=
github.com/tidwall/btree v0.4.2 h1:aLwwJlG+InuFzdAPuBf9YCAR1LvSQ9zhC5aorFPlIPs=
github.com/tidwall/btree v0.4.2/go.mod h1:huei1BkDWJ3/sLXmO+bsCNELL+Bp2Kks9OLyQFkzvA8=
github.com/tidwall/lotsa v1.0.2 h1:dNVBH5MErdaQ/xd9s769R31/n2dXavsQ0Yf4TMEHHw8=
github.com/tidwall/lotsa v1.0.2/go.mod h1:X6NiU+4yHA3fE3Puvpnn1XMDrFZrE9JO2/w+UMuqgR8=
